// !$*UTF8*$!
{
	archiveVersion = 1;
	classes = {
	};
	objectVersion = 46;
	objects = {

/* Begin PBXBuildFile section */
		1009021C1C62D6A7008150EF /* UpgradeCard.swift in Sources */ = {isa = PBXBuildFile; fileRef = 1009021B1C62D6A7008150EF /* UpgradeCard.swift */; };
		101199B81C82898A0098F11B /* UpgradeSelectVC.swift in Sources */ = {isa = PBXBuildFile; fileRef = 101199B71C82898A0098F11B /* UpgradeSelectVC.swift */; };
		101199BA1C828B1C0098F11B /* UpgradeCell.swift in Sources */ = {isa = PBXBuildFile; fileRef = 101199B91C828B1C0098F11B /* UpgradeCell.swift */; };
		10132CF61C928DBC00626D00 /* SquadronCreateVC.swift in Sources */ = {isa = PBXBuildFile; fileRef = 10132CF51C928DBC00626D00 /* SquadronCreateVC.swift */; };
		10132CF81C928DF700626D00 /* SquadronCell.swift in Sources */ = {isa = PBXBuildFile; fileRef = 10132CF71C928DF700626D00 /* SquadronCell.swift */; };
		10132CFA1C928E6000626D00 /* Squadron.swift in Sources */ = {isa = PBXBuildFile; fileRef = 10132CF91C928E6000626D00 /* Squadron.swift */; };
		101650131C7CDDA600B43647 /* PilotSelectVC.swift in Sources */ = {isa = PBXBuildFile; fileRef = 101650121C7CDDA600B43647 /* PilotSelectVC.swift */; };
		1022D0A41C5C6263004E93EA /* AppDelegate.swift in Sources */ = {isa = PBXBuildFile; fileRef = 1022D0A31C5C6263004E93EA /* AppDelegate.swift */; };
		1022D0A61C5C6263004E93EA /* ShipSelectVC.swift in Sources */ = {isa = PBXBuildFile; fileRef = 1022D0A51C5C6263004E93EA /* ShipSelectVC.swift */; };
		1022D0A91C5C6263004E93EA /* Main.storyboard in Resources */ = {isa = PBXBuildFile; fileRef = 1022D0A71C5C6263004E93EA /* Main.storyboard */; };
		1022D0AB1C5C6263004E93EA /* Assets.xcassets in Resources */ = {isa = PBXBuildFile; fileRef = 1022D0AA1C5C6263004E93EA /* Assets.xcassets */; };
		1022D0AE1C5C6263004E93EA /* LaunchScreen.storyboard in Resources */ = {isa = PBXBuildFile; fileRef = 1022D0AC1C5C6263004E93EA /* LaunchScreen.storyboard */; };
		1022D0B61C5C628E004E93EA /* ship_data_json.json in Resources */ = {isa = PBXBuildFile; fileRef = 1022D0B51C5C628E004E93EA /* ship_data_json.json */; };
		1022D0B81C5C6310004E93EA /* ShipData.swift in Sources */ = {isa = PBXBuildFile; fileRef = 1022D0B71C5C6310004E93EA /* ShipData.swift */; };
		1024D3D01C62CAB600C88580 /* upgrades_json.json in Resources */ = {isa = PBXBuildFile; fileRef = 1024D3CF1C62CAB600C88580 /* upgrades_json.json */; };
		1024D3D21C62CDB700C88580 /* UpgradeData.swift in Sources */ = {isa = PBXBuildFile; fileRef = 1024D3D11C62CDB700C88580 /* UpgradeData.swift */; };
		1047FDFA1C82C24400985843 /* ShipUpgradeCell.swift in Sources */ = {isa = PBXBuildFile; fileRef = 1047FDF91C82C24400985843 /* ShipUpgradeCell.swift */; };
		106893B01C813250008C09F0 /* ShipCollectionViewCell.swift in Sources */ = {isa = PBXBuildFile; fileRef = 106893AF1C813250008C09F0 /* ShipCollectionViewCell.swift */; };
		1077843F1C91335A00597BE8 /* ShipFactionSectionHeader.swift in Sources */ = {isa = PBXBuildFile; fileRef = 1077843E1C91335A00597BE8 /* ShipFactionSectionHeader.swift */; };
		107983C21C6C397300143132 /* RoundImageView.swift in Sources */ = {isa = PBXBuildFile; fileRef = 107983C11C6C397300143132 /* RoundImageView.swift */; };
		107983C41C6C42C000143132 /* RoundButton.swift in Sources */ = {isa = PBXBuildFile; fileRef = 107983C31C6C42C000143132 /* RoundButton.swift */; };
		1088DE861C7D77AC00CF8790 /* PointCostUILbl.swift in Sources */ = {isa = PBXBuildFile; fileRef = 1088DE851C7D77AC00CF8790 /* PointCostUILbl.swift */; };
		10C0F96C1C6D960400D03A9F /* ShipDetailVC.swift in Sources */ = {isa = PBXBuildFile; fileRef = 10C0F96B1C6D960400D03A9F /* ShipDetailVC.swift */; };
		10C454CE1C93BF5C008A141F /* SquadBuildVC.swift in Sources */ = {isa = PBXBuildFile; fileRef = 10C454CD1C93BF5C008A141F /* SquadBuildVC.swift */; };
		10C6D81A1C5C7E3500A8B91A /* PilotCard.swift in Sources */ = {isa = PBXBuildFile; fileRef = 10C6D8191C5C7E3500A8B91A /* PilotCard.swift */; };
		10FEB0811C8A8BDB00F9085B /* PilotCell.swift in Sources */ = {isa = PBXBuildFile; fileRef = 10FEB0801C8A8BDB00F9085B /* PilotCell.swift */; };
/* End PBXBuildFile section */

/* Begin PBXFileReference section */
		1009021B1C62D6A7008150EF /* UpgradeCard.swift */ = {isa = PBXFileReference; fileEncoding = 4; lastKnownFileType = sourcecode.swift; path = UpgradeCard.swift; sourceTree = "<group>"; };
		101199B71C82898A0098F11B /* UpgradeSelectVC.swift */ = {isa = PBXFileReference; fileEncoding = 4; lastKnownFileType = sourcecode.swift; path = UpgradeSelectVC.swift; sourceTree = "<group>"; };
		101199B91C828B1C0098F11B /* UpgradeCell.swift */ = {isa = PBXFileReference; fileEncoding = 4; lastKnownFileType = sourcecode.swift; path = UpgradeCell.swift; sourceTree = "<group>"; };
		10132CF51C928DBC00626D00 /* SquadronCreateVC.swift */ = {isa = PBXFileReference; fileEncoding = 4; lastKnownFileType = sourcecode.swift; path = SquadronCreateVC.swift; sourceTree = "<group>"; };
		10132CF71C928DF700626D00 /* SquadronCell.swift */ = {isa = PBXFileReference; fileEncoding = 4; lastKnownFileType = sourcecode.swift; path = SquadronCell.swift; sourceTree = "<group>"; };
		10132CF91C928E6000626D00 /* Squadron.swift */ = {isa = PBXFileReference; fileEncoding = 4; lastKnownFileType = sourcecode.swift; path = Squadron.swift; sourceTree = "<group>"; };
		101650121C7CDDA600B43647 /* PilotSelectVC.swift */ = {isa = PBXFileReference; fileEncoding = 4; lastKnownFileType = sourcecode.swift; path = PilotSelectVC.swift; sourceTree = "<group>"; };
		1022D0A01C5C6263004E93EA /* Squad-Builder.app */ = {isa = PBXFileReference; explicitFileType = wrapper.application; includeInIndex = 0; path = "Squad-Builder.app"; sourceTree = BUILT_PRODUCTS_DIR; };
		1022D0A31C5C6263004E93EA /* AppDelegate.swift */ = {isa = PBXFileReference; lastKnownFileType = sourcecode.swift; path = AppDelegate.swift; sourceTree = "<group>"; };
		1022D0A51C5C6263004E93EA /* ShipSelectVC.swift */ = {isa = PBXFileReference; lastKnownFileType = sourcecode.swift; path = ShipSelectVC.swift; sourceTree = "<group>"; };
		1022D0A81C5C6263004E93EA /* Base */ = {isa = PBXFileReference; lastKnownFileType = file.storyboard; name = Base; path = Base.lproj/Main.storyboard; sourceTree = "<group>"; };
		1022D0AA1C5C6263004E93EA /* Assets.xcassets */ = {isa = PBXFileReference; lastKnownFileType = folder.assetcatalog; path = Assets.xcassets; sourceTree = "<group>"; };
		1022D0AD1C5C6263004E93EA /* Base */ = {isa = PBXFileReference; lastKnownFileType = file.storyboard; name = Base; path = Base.lproj/LaunchScreen.storyboard; sourceTree = "<group>"; };
		1022D0AF1C5C6263004E93EA /* Info.plist */ = {isa = PBXFileReference; lastKnownFileType = text.plist.xml; path = Info.plist; sourceTree = "<group>"; };
		1022D0B51C5C628E004E93EA /* ship_data_json.json */ = {isa = PBXFileReference; fileEncoding = 4; lastKnownFileType = text.json; path = ship_data_json.json; sourceTree = "<group>"; };
		1022D0B71C5C6310004E93EA /* ShipData.swift */ = {isa = PBXFileReference; fileEncoding = 4; lastKnownFileType = sourcecode.swift; path = ShipData.swift; sourceTree = "<group>"; };
		1024D3CF1C62CAB600C88580 /* upgrades_json.json */ = {isa = PBXFileReference; fileEncoding = 4; lastKnownFileType = text.json; path = upgrades_json.json; sourceTree = "<group>"; };
		1024D3D11C62CDB700C88580 /* UpgradeData.swift */ = {isa = PBXFileReference; fileEncoding = 4; lastKnownFileType = sourcecode.swift; path = UpgradeData.swift; sourceTree = "<group>"; };
		1047FDF91C82C24400985843 /* ShipUpgradeCell.swift */ = {isa = PBXFileReference; fileEncoding = 4; lastKnownFileType = sourcecode.swift; path = ShipUpgradeCell.swift; sourceTree = "<group>"; };
		106893AF1C813250008C09F0 /* ShipCollectionViewCell.swift */ = {isa = PBXFileReference; fileEncoding = 4; lastKnownFileType = sourcecode.swift; path = ShipCollectionViewCell.swift; sourceTree = "<group>"; };
		1077843E1C91335A00597BE8 /* ShipFactionSectionHeader.swift */ = {isa = PBXFileReference; fileEncoding = 4; lastKnownFileType = sourcecode.swift; path = ShipFactionSectionHeader.swift; sourceTree = "<group>"; };
		107983C11C6C397300143132 /* RoundImageView.swift */ = {isa = PBXFileReference; fileEncoding = 4; lastKnownFileType = sourcecode.swift; path = RoundImageView.swift; sourceTree = "<group>"; };
		107983C31C6C42C000143132 /* RoundButton.swift */ = {isa = PBXFileReference; fileEncoding = 4; lastKnownFileType = sourcecode.swift; path = RoundButton.swift; sourceTree = "<group>"; };
		1088DE851C7D77AC00CF8790 /* PointCostUILbl.swift */ = {isa = PBXFileReference; fileEncoding = 4; lastKnownFileType = sourcecode.swift; path = PointCostUILbl.swift; sourceTree = "<group>"; };
		10C0F96B1C6D960400D03A9F /* ShipDetailVC.swift */ = {isa = PBXFileReference; fileEncoding = 4; lastKnownFileType = sourcecode.swift; path = ShipDetailVC.swift; sourceTree = "<group>"; };
		10C454CD1C93BF5C008A141F /* SquadBuildVC.swift */ = {isa = PBXFileReference; fileEncoding = 4; lastKnownFileType = sourcecode.swift; path = SquadBuildVC.swift; sourceTree = "<group>"; };
		10C6D8191C5C7E3500A8B91A /* PilotCard.swift */ = {isa = PBXFileReference; fileEncoding = 4; lastKnownFileType = sourcecode.swift; path = PilotCard.swift; sourceTree = "<group>"; };
		10FEB0801C8A8BDB00F9085B /* PilotCell.swift */ = {isa = PBXFileReference; fileEncoding = 4; lastKnownFileType = sourcecode.swift; path = PilotCell.swift; sourceTree = "<group>"; };
/* End PBXFileReference section */

/* Begin PBXFrameworksBuildPhase section */
		1022D09D1C5C6263004E93EA /* Frameworks */ = {
			isa = PBXFrameworksBuildPhase;
			buildActionMask = 2147483647;
			files = (
			);
			runOnlyForDeploymentPostprocessing = 0;
		};
/* End PBXFrameworksBuildPhase section */

/* Begin PBXGroup section */
		101EA5941C6C284D00006F1D /* Model */ = {
			isa = PBXGroup;
			children = (
				1022D0B71C5C6310004E93EA /* ShipData.swift */,
				10C6D8191C5C7E3500A8B91A /* PilotCard.swift */,
				10132CF91C928E6000626D00 /* Squadron.swift */,
				1024D3D11C62CDB700C88580 /* UpgradeData.swift */,
				1009021B1C62D6A7008150EF /* UpgradeCard.swift */,
				1022D0B51C5C628E004E93EA /* ship_data_json.json */,
				1024D3CF1C62CAB600C88580 /* upgrades_json.json */,
			);
			name = Model;
			sourceTree = "<group>";
		};
		101EA5951C6C286400006F1D /* View */ = {
			isa = PBXGroup;
			children = (
				1022D0AC1C5C6263004E93EA /* LaunchScreen.storyboard */,
				1022D0A71C5C6263004E93EA /* Main.storyboard */,
				107983C11C6C397300143132 /* RoundImageView.swift */,
				107983C31C6C42C000143132 /* RoundButton.swift */,
				1088DE851C7D77AC00CF8790 /* PointCostUILbl.swift */,
				101199B91C828B1C0098F11B /* UpgradeCell.swift */,
				106893AF1C813250008C09F0 /* ShipCollectionViewCell.swift */,
				1047FDF91C82C24400985843 /* ShipUpgradeCell.swift */,
				10FEB0801C8A8BDB00F9085B /* PilotCell.swift */,
				1077843E1C91335A00597BE8 /* ShipFactionSectionHeader.swift */,
				10132CF71C928DF700626D00 /* SquadronCell.swift */,
			);
			name = View;
			sourceTree = "<group>";
		};
		101EA5961C6C287600006F1D /* Controller */ = {
			isa = PBXGroup;
			children = (
				1022D0A31C5C6263004E93EA /* AppDelegate.swift */,
				1022D0A51C5C6263004E93EA /* ShipSelectVC.swift */,
				10C0F96B1C6D960400D03A9F /* ShipDetailVC.swift */,
				101650121C7CDDA600B43647 /* PilotSelectVC.swift */,
				101199B71C82898A0098F11B /* UpgradeSelectVC.swift */,
				10132CF51C928DBC00626D00 /* SquadronCreateVC.swift */,
				10C454CD1C93BF5C008A141F /* SquadBuildVC.swift */,
			);
			name = Controller;
			sourceTree = "<group>";
		};
		1022D0971C5C6263004E93EA = {
			isa = PBXGroup;
			children = (
				1022D0A21C5C6263004E93EA /* Squad-Builder */,
				1022D0A11C5C6263004E93EA /* Products */,
			);
			sourceTree = "<group>";
		};
		1022D0A11C5C6263004E93EA /* Products */ = {
			isa = PBXGroup;
			children = (
				1022D0A01C5C6263004E93EA /* Squad-Builder.app */,
			);
			name = Products;
			sourceTree = "<group>";
		};
		1022D0A21C5C6263004E93EA /* Squad-Builder */ = {
			isa = PBXGroup;
			children = (
				101EA5941C6C284D00006F1D /* Model */,
				101EA5951C6C286400006F1D /* View */,
				101EA5961C6C287600006F1D /* Controller */,
				1022D0AA1C5C6263004E93EA /* Assets.xcassets */,
				1022D0AF1C5C6263004E93EA /* Info.plist */,
			);
			path = "Squad-Builder";
			sourceTree = "<group>";
		};
/* End PBXGroup section */

/* Begin PBXNativeTarget section */
		1022D09F1C5C6263004E93EA /* Squad-Builder */ = {
			isa = PBXNativeTarget;
			buildConfigurationList = 1022D0B21C5C6263004E93EA /* Build configuration list for PBXNativeTarget "Squad-Builder" */;
			buildPhases = (
				1022D09C1C5C6263004E93EA /* Sources */,
				1022D09D1C5C6263004E93EA /* Frameworks */,
				1022D09E1C5C6263004E93EA /* Resources */,
			);
			buildRules = (
			);
			dependencies = (
			);
			name = "Squad-Builder";
			productName = "Squad-Builder";
			productReference = 1022D0A01C5C6263004E93EA /* Squad-Builder.app */;
			productType = "com.apple.product-type.application";
		};
/* End PBXNativeTarget section */

/* Begin PBXProject section */
		1022D0981C5C6263004E93EA /* Project object */ = {
			isa = PBXProject;
			attributes = {
				LastSwiftUpdateCheck = 0720;
				LastUpgradeCheck = 0720;
				ORGANIZATIONNAME = "Drew Lanning";
				TargetAttributes = {
					1022D09F1C5C6263004E93EA = {
						CreatedOnToolsVersion = 7.2;
					};
				};
			};
			buildConfigurationList = 1022D09B1C5C6263004E93EA /* Build configuration list for PBXProject "Squad-Builder" */;
			compatibilityVersion = "Xcode 3.2";
			developmentRegion = English;
			hasScannedForEncodings = 0;
			knownRegions = (
				en,
				Base,
			);
			mainGroup = 1022D0971C5C6263004E93EA;
			productRefGroup = 1022D0A11C5C6263004E93EA /* Products */;
			projectDirPath = "";
			projectRoot = "";
			targets = (
				1022D09F1C5C6263004E93EA /* Squad-Builder */,
			);
		};
/* End PBXProject section */

/* Begin PBXResourcesBuildPhase section */
		1022D09E1C5C6263004E93EA /* Resources */ = {
			isa = PBXResourcesBuildPhase;
			buildActionMask = 2147483647;
			files = (
				1022D0AE1C5C6263004E93EA /* LaunchScreen.storyboard in Resources */,
				1022D0B61C5C628E004E93EA /* ship_data_json.json in Resources */,
				1022D0AB1C5C6263004E93EA /* Assets.xcassets in Resources */,
				1024D3D01C62CAB600C88580 /* upgrades_json.json in Resources */,
				1022D0A91C5C6263004E93EA /* Main.storyboard in Resources */,
			);
			runOnlyForDeploymentPostprocessing = 0;
		};
/* End PBXResourcesBuildPhase section */

/* Begin PBXSourcesBuildPhase section */
		1022D09C1C5C6263004E93EA /* Sources */ = {
			isa = PBXSourcesBuildPhase;
			buildActionMask = 2147483647;
			files = (
				101199B81C82898A0098F11B /* UpgradeSelectVC.swift in Sources */,
				1088DE861C7D77AC00CF8790 /* PointCostUILbl.swift in Sources */,
				10132CFA1C928E6000626D00 /* Squadron.swift in Sources */,
				10FEB0811C8A8BDB00F9085B /* PilotCell.swift in Sources */,
				107983C41C6C42C000143132 /* RoundButton.swift in Sources */,
				10C6D81A1C5C7E3500A8B91A /* PilotCard.swift in Sources */,
				10132CF61C928DBC00626D00 /* SquadronCreateVC.swift in Sources */,
				1022D0A61C5C6263004E93EA /* ShipSelectVC.swift in Sources */,
				1024D3D21C62CDB700C88580 /* UpgradeData.swift in Sources */,
				10C454CE1C93BF5C008A141F /* SquadBuildVC.swift in Sources */,
				1047FDFA1C82C24400985843 /* ShipUpgradeCell.swift in Sources */,
				101199BA1C828B1C0098F11B /* UpgradeCell.swift in Sources */,
				10C0F96C1C6D960400D03A9F /* ShipDetailVC.swift in Sources */,
				1022D0A41C5C6263004E93EA /* AppDelegate.swift in Sources */,
				107983C21C6C397300143132 /* RoundImageView.swift in Sources */,
				101650131C7CDDA600B43647 /* PilotSelectVC.swift in Sources */,
				1009021C1C62D6A7008150EF /* UpgradeCard.swift in Sources */,
				106893B01C813250008C09F0 /* ShipCollectionViewCell.swift in Sources */,
				1022D0B81C5C6310004E93EA /* ShipData.swift in Sources */,
				10132CF81C928DF700626D00 /* SquadronCell.swift in Sources */,
				1077843F1C91335A00597BE8 /* ShipFactionSectionHeader.swift in Sources */,
			);
			runOnlyForDeploymentPostprocessing = 0;
		};
/* End PBXSourcesBuildPhase section */

/* Begin PBXVariantGroup section */
		1022D0A71C5C6263004E93EA /* Main.storyboard */ = {
			isa = PBXVariantGroup;
			children = (
				1022D0A81C5C6263004E93EA /* Base */,
			);
			name = Main.storyboard;
			sourceTree = "<group>";
		};
		1022D0AC1C5C6263004E93EA /* LaunchScreen.storyboard */ = {
			isa = PBXVariantGroup;
			children = (
				1022D0AD1C5C6263004E93EA /* Base */,
			);
			name = LaunchScreen.storyboard;
			sourceTree = "<group>";
		};
/* End PBXVariantGroup section */

/* Begin XCBuildConfiguration section */
		1022D0B01C5C6263004E93EA /* Debug */ = {
			isa = XCBuildConfiguration;
			buildSettings = {
				ALWAYS_SEARCH_USER_PATHS = NO;
				CLANG_CXX_LANGUAGE_STANDARD = "gnu++0x";
				CLANG_CXX_LIBRARY = "libc++";
				CLANG_ENABLE_MODULES = YES;
				CLANG_ENABLE_OBJC_ARC = YES;
				CLANG_WARN_BOOL_CONVERSION = YES;
				CLANG_WARN_CONSTANT_CONVERSION = YES;
				CLANG_WARN_DIRECT_OBJC_ISA_USAGE = YES_ERROR;
				CLANG_WARN_EMPTY_BODY = YES;
				CLANG_WARN_ENUM_CONVERSION = YES;
				CLANG_WARN_INT_CONVERSION = YES;
				CLANG_WARN_OBJC_ROOT_CLASS = YES_ERROR;
				CLANG_WARN_UNREACHABLE_CODE = YES;
				CLANG_WARN__DUPLICATE_METHOD_MATCH = YES;
				"CODE_SIGN_IDENTITY[sdk=iphoneos*]" = "iPhone Developer";
				COPY_PHASE_STRIP = NO;
				DEBUG_INFORMATION_FORMAT = dwarf;
				ENABLE_STRICT_OBJC_MSGSEND = YES;
				ENABLE_TESTABILITY = YES;
				GCC_C_LANGUAGE_STANDARD = gnu99;
				GCC_DYNAMIC_NO_PIC = NO;
				GCC_NO_COMMON_BLOCKS = YES;
				GCC_OPTIMIZATION_LEVEL = 0;
				GCC_PREPROCESSOR_DEFINITIONS = (
					"DEBUG=1",
					"$(inherited)",
				);
				GCC_WARN_64_TO_32_BIT_CONVERSION = YES;
				GCC_WARN_ABOUT_RETURN_TYPE = YES_ERROR;
				GCC_WARN_UNDECLARED_SELECTOR = YES;
				GCC_WARN_UNINITIALIZED_AUTOS = YES_AGGRESSIVE;
				GCC_WARN_UNUSED_FUNCTION = YES;
				GCC_WARN_UNUSED_VARIABLE = YES;
				IPHONEOS_DEPLOYMENT_TARGET = 9.2;
				MTL_ENABLE_DEBUG_INFO = YES;
				ONLY_ACTIVE_ARCH = YES;
				SDKROOT = iphoneos;
				SWIFT_OPTIMIZATION_LEVEL = "-Onone";
			};
			name = Debug;
		};
		1022D0B11C5C6263004E93EA /* Release */ = {
			isa = XCBuildConfiguration;
			buildSettings = {
				ALWAYS_SEARCH_USER_PATHS = NO;
				CLANG_CXX_LANGUAGE_STANDARD = "gnu++0x";
				CLANG_CXX_LIBRARY = "libc++";
				CLANG_ENABLE_MODULES = YES;
				CLANG_ENABLE_OBJC_ARC = YES;
				CLANG_WARN_BOOL_CONVERSION = YES;
				CLANG_WARN_CONSTANT_CONVERSION = YES;
				CLANG_WARN_DIRECT_OBJC_ISA_USAGE = YES_ERROR;
				CLANG_WARN_EMPTY_BODY = YES;
				CLANG_WARN_ENUM_CONVERSION = YES;
				CLANG_WARN_INT_CONVERSION = YES;
				CLANG_WARN_OBJC_ROOT_CLASS = YES_ERROR;
				CLANG_WARN_UNREACHABLE_CODE = YES;
				CLANG_WARN__DUPLICATE_METHOD_MATCH = YES;
				"CODE_SIGN_IDENTITY[sdk=iphoneos*]" = "iPhone Developer";
				COPY_PHASE_STRIP = NO;
				DEBUG_INFORMATION_FORMAT = "dwarf-with-dsym";
				ENABLE_NS_ASSERTIONS = NO;
				ENABLE_STRICT_OBJC_MSGSEND = YES;
				GCC_C_LANGUAGE_STANDARD = gnu99;
				GCC_NO_COMMON_BLOCKS = YES;
				GCC_WARN_64_TO_32_BIT_CONVERSION = YES;
				GCC_WARN_ABOUT_RETURN_TYPE = YES_ERROR;
				GCC_WARN_UNDECLARED_SELECTOR = YES;
				GCC_WARN_UNINITIALIZED_AUTOS = YES_AGGRESSIVE;
				GCC_WARN_UNUSED_FUNCTION = YES;
				GCC_WARN_UNUSED_VARIABLE = YES;
				IPHONEOS_DEPLOYMENT_TARGET = 9.2;
				MTL_ENABLE_DEBUG_INFO = NO;
				SDKROOT = iphoneos;
				VALIDATE_PRODUCT = YES;
			};
			name = Release;
		};
		1022D0B31C5C6263004E93EA /* Debug */ = {
			isa = XCBuildConfiguration;
			buildSettings = {
				ASSETCATALOG_COMPILER_APPICON_NAME = AppIcon;
				INFOPLIST_FILE = "Squad-Builder/Info.plist";
				LD_RUNPATH_SEARCH_PATHS = "$(inherited) @executable_path/Frameworks";
				PRODUCT_BUNDLE_IDENTIFIER = "com.drewlanning.Squad-Builder";
				PRODUCT_NAME = "$(TARGET_NAME)";
			};
			name = Debug;
		};
		1022D0B41C5C6263004E93EA /* Release */ = {
			isa = XCBuildConfiguration;
			buildSettings = {
				ASSETCATALOG_COMPILER_APPICON_NAME = AppIcon;
				INFOPLIST_FILE = "Squad-Builder/Info.plist";
				LD_RUNPATH_SEARCH_PATHS = "$(inherited) @executable_path/Frameworks";
				PRODUCT_BUNDLE_IDENTIFIER = "com.drewlanning.Squad-Builder";
				PRODUCT_NAME = "$(TARGET_NAME)";
			};
			name = Release;
		};
/* End XCBuildConfiguration section */

/* Begin XCConfigurationList section */
		1022D09B1C5C6263004E93EA /* Build configuration list for PBXProject "Squad-Builder" */ = {
			isa = XCConfigurationList;
			buildConfigurations = (
				1022D0B01C5C6263004E93EA /* Debug */,
				1022D0B11C5C6263004E93EA /* Release */,
			);
			defaultConfigurationIsVisible = 0;
			defaultConfigurationName = Release;
		};
		1022D0B21C5C6263004E93EA /* Build configuration list for PBXNativeTarget "Squad-Builder" */ = {
			isa = XCConfigurationList;
			buildConfigurations = (
				1022D0B31C5C6263004E93EA /* Debug */,
				1022D0B41C5C6263004E93EA /* Release */,
			);
			defaultConfigurationIsVisible = 0;
			defaultConfigurationName = Release;
		};
/* End XCConfigurationList section */
	};
	rootObject = 1022D0981C5C6263004E93EA /* Project object */;
}
